
Microsoft Visual Studio Solution File, Format Version 12.00
# Visual Studio Version 16
VisualStudioVersion = 16.0.30804.86
MinimumVisualStudioVersion = 10.0.40219.1
Project("{9A19103F-16F7-4668-BE54-9A1E7A4F7556}") = "A_CSharpCourse", "CSharpCourse\A_CSharpCourse.csproj", "{0D7FC799-B114-4AB4-8B36-C26281F08563}"
EndProject
Project("{9A19103F-16F7-4668-BE54-9A1E7A4F7556}") = "B_ControlFlow", "B_ControlFlow\B_ControlFlow.csproj", "{BB075606-7EDB-4606-A792-850C3FACC43C}"
EndProject
Project("{9A19103F-16F7-4668-BE54-9A1E7A4F7556}") = "C_ArraysCollections", "C_ArraysCollections\C_ArraysCollections.csproj", "{D1D76692-0C41-475D-B4AD-4F34D65A21FB}"
EndProject
Project("{9A19103F-16F7-4668-BE54-9A1E7A4F7556}") = "D_OOP", "D_OOP\D_OOP.csproj", "{223D6329-8D86-48E9-B23E-A7C43DE7DAA9}"
EndProject
Project("{9A19103F-16F7-4668-BE54-9A1E7A4F7556}") = "E_Exceptions_Files", "E_Exceptions\E_Exceptions_Files.csproj", "{A6870D55-4032-4F7D-94B4-A095A9B34C6A}"
EndProject
Project("{FAE04EC0-301F-11D3-BF4B-00C04F79EFBC}") = "F_Practice", "D_Practice\F_Practice.csproj", "{EFD38D54-5629-46EA-A528-7B83AD26EC97}"
EndProject
Project("{FAE04EC0-301F-11D3-BF4B-00C04F79EFBC}") = "G_Delegation", "G_Delegation\G_Delegation.csproj", "{4C4B0B89-A619-4111-96F7-4F881E9FD94F}"
EndProject
Global
	GlobalSection(SolutionConfigurationPlatforms) = preSolution
		Debug|Any CPU = Debug|Any CPU
		Release|Any CPU = Release|Any CPU
	EndGlobalSection
	GlobalSection(ProjectConfigurationPlatforms) = postSolution
		{0D7FC799-B114-4AB4-8B36-C26281F08563}.Debug|Any CPU.ActiveCfg = Debug|Any CPU
		{0D7FC799-B114-4AB4-8B36-C26281F08563}.Debug|Any CPU.Build.0 = Debug|Any CPU
		{0D7FC799-B114-4AB4-8B36-C26281F08563}.Release|Any CPU.ActiveCfg = Release|Any CPU
		{0D7FC799-B114-4AB4-8B36-C26281F08563}.Release|Any CPU.Build.0 = Release|Any CPU
		{BB075606-7EDB-4606-A792-850C3FACC43C}.Debug|Any CPU.ActiveCfg = Debug|Any CPU
		{BB075606-7EDB-4606-A792-850C3FACC43C}.Debug|Any CPU.Build.0 = Debug|Any CPU
		{BB075606-7EDB-4606-A792-850C3FACC43C}.Release|Any CPU.ActiveCfg = Release|Any CPU
		{BB075606-7EDB-4606-A792-850C3FACC43C}.Release|Any CPU.Build.0 = Release|Any CPU
		{D1D76692-0C41-475D-B4AD-4F34D65A21FB}.Debug|Any CPU.ActiveCfg = Debug|Any CPU
		{D1D76692-0C41-475D-B4AD-4F34D65A21FB}.Debug|Any CPU.Build.0 = Debug|Any CPU
		{D1D76692-0C41-475D-B4AD-4F34D65A21FB}.Release|Any CPU.ActiveCfg = Release|Any CPU
		{D1D76692-0C41-475D-B4AD-4F34D65A21FB}.Release|Any CPU.Build.0 = Release|Any CPU
		{223D6329-8D86-48E9-B23E-A7C43DE7DAA9}.Debug|Any CPU.ActiveCfg = Debug|Any CPU
		{223D6329-8D86-48E9-B23E-A7C43DE7DAA9}.Debug|Any CPU.Build.0 = Debug|Any CPU
		{223D6329-8D86-48E9-B23E-A7C43DE7DAA9}.Release|Any CPU.ActiveCfg = Release|Any CPU
		{223D6329-8D86-48E9-B23E-A7C43DE7DAA9}.Release|Any CPU.Build.0 = Release|Any CPU
		{A6870D55-4032-4F7D-94B4-A095A9B34C6A}.Debug|Any CPU.ActiveCfg = Debug|Any CPU
		{A6870D55-4032-4F7D-94B4-A095A9B34C6A}.Debug|Any CPU.Build.0 = Debug|Any CPU
		{A6870D55-4032-4F7D-94B4-A095A9B34C6A}.Release|Any CPU.ActiveCfg = Release|Any CPU
		{A6870D55-4032-4F7D-94B4-A095A9B34C6A}.Release|Any CPU.Build.0 = Release|Any CPU
		{EFD38D54-5629-46EA-A528-7B83AD26EC97}.Debug|Any CPU.ActiveCfg = Debug|Any CPU
		{EFD38D54-5629-46EA-A528-7B83AD26EC97}.Debug|Any CPU.Build.0 = Debug|Any CPU
		{EFD38D54-5629-46EA-A528-7B83AD26EC97}.Release|Any CPU.ActiveCfg = Release|Any CPU
		{EFD38D54-5629-46EA-A528-7B83AD26EC97}.Release|Any CPU.Build.0 = Release|Any CPU
		{4C4B0B89-A619-4111-96F7-4F881E9FD94F}.Debug|Any CPU.ActiveCfg = Debug|Any CPU
		{4C4B0B89-A619-4111-96F7-4F881E9FD94F}.Debug|Any CPU.Build.0 = Debug|Any CPU
		{4C4B0B89-A619-4111-96F7-4F881E9FD94F}.Release|Any CPU.ActiveCfg = Release|Any CPU
		{4C4B0B89-A619-4111-96F7-4F881E9FD94F}.Release|Any CPU.Build.0 = Release|Any CPU
	EndGlobalSection
	GlobalSection(SolutionProperties) = preSolution
		HideSolutionNode = FALSE
	EndGlobalSection
	GlobalSection(ExtensibilityGlobals) = postSolution
		SolutionGuid = {407A17BE-7093-45A4-86D8-4F534B98E4DD}
	EndGlobalSection
EndGlobal
